schema: '2.0'
stages:
  data_ingestion:
    cmd: PYTHONPATH=. python data/data_ingestion.py
    deps:
    - path: data/data_ingestion.py
      hash: md5
      md5: 0109a380026bf90098d1aadf680a6e85
      size: 17882
    params:
      params.yaml:
        data_ingestion.no_rows: 50000
    outs:
    - path: Metadata/
      hash: md5
      md5: 02941a565198a33f0f6b52f7ba565056.dir
      size: 817
      nfiles: 1
    - path: processedData/raw/full_dataset.csv
      hash: md5
      md5: 3bbc097358c158a1dca93d08cf28c3b7
      size: 220952560
  data_preprocessing:
    cmd: PYTHONPATH=. python data/data_preprocessing.py
    deps:
    - path: data/data_preprocessing.py
      hash: md5
      md5: 90fa80d50219d39b685ec8e1ef5ab8c9
      size: 7330
    - path: processedData/raw/full_dataset.csv
      hash: md5
      md5: 3bbc097358c158a1dca93d08cf28c3b7
      size: 220952560
    params:
      params.yaml:
        data_preprocessing.test_size: 0.2
    outs:
    - path: model/pipeline/
      hash: md5
      md5: f18d610dba6b9548500ea5a84353c252.dir
      size: 24696
      nfiles: 2
    - path: processedData/preprocessed/
      hash: md5
      md5: 04945419fcbb78a4d9595060ac509748.dir
      size: 719517132
      nfiles: 5
  train_vae:
    cmd: PYTHONPATH=. python model/train_vae.py
    deps:
    - path: model/VAE.py
      hash: md5
      md5: a2df01b32d54844ade319940bca5ed4d
      size: 3217
    - path: model/train_vae.py
      hash: md5
      md5: eaab3ec693b40ee174a4744119a5f090
      size: 5811
    - path: processedData/preprocessed/testset_VAE.npy
      hash: md5
      md5: c6fd37c52d074b9fb37a7cf10717254c
      size: 69447632
    - path: processedData/preprocessed/testset_label.npy
      hash: md5
      md5: 6208e640cb6ce7854c15b784d26bfac7
      size: 944992
    - path: processedData/preprocessed/trainset_VAE.npy
      hash: md5
      md5: 34cc470297eb1770b26f39ae0f5e46de
      size: 268028756
    params:
      params.yaml:
        train_vae.batch_size: 2048
        train_vae.beta: 1.0
        train_vae.epoch: 50
        train_vae.lr: 0.0001
        train_vae.seed: 26
        train_vae.warmup_epochs: 5
        train_vae.z_dim: 3
    outs:
    - path: model/best_vae.pt
      hash: md5
      md5: b1cf8bb0f43a64baade85ca6509bd951
      size: 104645
  train_iso:
    cmd: PYTHONPATH=. python model/train_iso.py
    deps:
    - path: model/train_iso.py
      hash: md5
      md5: ed999921888ce39c1f87a53d2d70d694
      size: 2240
    - path: processedData/preprocessed/trainset_Iso.npy
      hash: md5
      md5: dd9f44e9a206b12d82e7ec4f8bd46cdc
      size: 302671912
    params:
      params.yaml:
        train_iso.contamination: 0.035
        train_iso.max_feature: 0.5
        train_iso.n_estimator: 50
        train_iso.random_state: 26
    outs:
    - path: model/iso_forest.pkl
      hash: md5
      md5: 657b1aeaadd284d4b22fb0d69e319a1e
      size: 694985
  model_evaluation:
    cmd: PYTHONPATH=. python model/model_evaluation.py
    deps:
    - path: model/VAE.py
      hash: md5
      md5: a2df01b32d54844ade319940bca5ed4d
      size: 3217
    - path: model/best_vae.pt
      hash: md5
      md5: b1cf8bb0f43a64baade85ca6509bd951
      size: 104645
    - path: model/iso_forest.pkl
      hash: md5
      md5: 657b1aeaadd284d4b22fb0d69e319a1e
      size: 694985
    - path: model/model_evaluation.py
      hash: md5
      md5: 6aa12ceee3b6f24b44e7b3da2ec7348e
      size: 10654
    - path: model/pipeline/transform_rule_Iso.pkl
      hash: md5
      md5: 082f1d71b1997c0ddc3600a445fd7113
      size: 12864
    - path: model/pipeline/transform_rule_VAE.pkl
      hash: md5
      md5: d0e69c5b5af7310ffd55972e3d173581
      size: 11832
    - path: processedData/preprocessed/testset_Iso.npy
      hash: md5
      md5: 96123dceb4f9a8b8f2b32442b741668f
      size: 78423840
    - path: processedData/preprocessed/testset_VAE.npy
      hash: md5
      md5: c6fd37c52d074b9fb37a7cf10717254c
      size: 69447632
    - path: processedData/preprocessed/testset_label.npy
      hash: md5
      md5: 6208e640cb6ce7854c15b784d26bfac7
      size: 944992
    params:
      params.yaml:
        model_evaluation.iso_w: 0.1
        model_evaluation.vae_w: 0.9
        train_vae.batch_size: 2048
        train_vae.seed: 26
        train_vae.z_dim: 3
    outs:
    - path: Metrics/Plots
      hash: md5
      md5: 252194f5ee0da57fbec1e50cbc843227.dir
      size: 50502
      nfiles: 1
  model_registry:
    cmd: PYTHONPATH=. python model/model_registry.py
    deps:
    - path: Metadata/experiment_info.json
      hash: md5
      md5: 042e01a296444edae84b3a00f7fd87a6
      size: 363
    - path: model/model_registry.py
      hash: md5
      md5: af5dd50b3d979fe5c3de47d1584a0c60
      size: 2365
